{
  "nodes": {
    "nixpkgs": {
      "locked": {
        "lastModified": 1773231277,
        "narHash": "sha256-Xy3WEpUAbpsz8ydgvVAQAGGB/WB+8cNA5cshiL0McTI=",
        "owner": "NixOS",
        "repo": "nixpkgs",
        "rev": "75690239f08f885ca9b0267580101f60d10fbe62",
        "type": "github"
      },
      "original": {
        "owner": "NixOS",
        "ref": "nixpkgs-unstable",
        "repo": "nixpkgs",
        "type": "github"
      }
    },
    "root": {
      "inputs": {
        "nixpkgs": "nixpkgs",
        "zimeg": "zimeg"
      }
    },
    "zimeg": {
      "inputs": {
        "nixpkgs": [
          "nixpkgs"
        ]
      },
      "locked": {
        "lastModified": 1771883762,
        "narHash": "sha256-9RU+ag1QAL+ovHzxTf9yMyNXfooPKoC/f4TIHXcttTY=",
        "owner": "zimeg",
        "repo": "nur-packages",
        "rev": "d5c0ec4ac213ceb2f8c0b0083580e10c07965965",
        "type": "github"
      },
      "original": {
        "owner": "zimeg",
        "repo": "nur-packages",
        "type": "github"
      }
    }
  },
  "root": "root",
  "version": 7
}
