{
  "nodes": {
    "nixpkgs": {
      "locked": {
        "lastModified": 1782545840,
        "narHash": "sha256-PkBPmP5ofNtunCU7/tfn6wi9OLlzFGcHAqqmY+/mwUI=",
        "owner": "NixOS",
        "repo": "nixpkgs",
        "rev": "3d46470bb3030020f7e1361f33514854f5bfa86d",
        "type": "github"
      },
      "original": {
        "owner": "NixOS",
        "ref": "nixpkgs-unstable",
        "repo": "nixpkgs",
        "type": "github"
      }
    },
    "root": {
      "inputs": {
        "nixpkgs": "nixpkgs",
        "zimeg": "zimeg"
      }
    },
    "zimeg": {
      "inputs": {
        "nixpkgs": [
          "nixpkgs"
        ]
      },
      "locked": {
        "lastModified": 1782409964,
        "narHash": "sha256-qtTZAcIWueVm8vFxJRAFlPRx1DrBdVEldzPbbi/O3XE=",
        "owner": "zimeg",
        "repo": "nur-packages",
        "rev": "f9e4a9a4e29592c58fdd6ff0666fa54163714551",
        "type": "github"
      },
      "original": {
        "owner": "zimeg",
        "repo": "nur-packages",
        "type": "github"
      }
    }
  },
  "root": "root",
  "version": 7
}
