{
  "nodes": {
    "nixpkgs": {
      "locked": {
        "lastModified": 1755323907,
        "narHash": "sha256-WujRF+1SX5f1tvU9n6LWU1E6gzTuwdj+Hk7Q4dpZpU0=",
        "owner": "NixOS",
        "repo": "nixpkgs",
        "rev": "b6b47963d86aca847fe9754627b1f20f5fd0181d",
        "type": "github"
      },
      "original": {
        "owner": "NixOS",
        "ref": "nixpkgs-unstable",
        "repo": "nixpkgs",
        "type": "github"
      }
    },
    "root": {
      "inputs": {
        "nixpkgs": "nixpkgs",
        "zimeg": "zimeg"
      }
    },
    "zimeg": {
      "inputs": {
        "nixpkgs": [
          "nixpkgs"
        ]
      },
      "locked": {
        "lastModified": 1755061772,
        "narHash": "sha256-tK3r5Y2yvITFnjkfkETWkW9wyT1B5KTzxHS6Kz3iYjY=",
        "owner": "zimeg",
        "repo": "nur-packages",
        "rev": "ccd029aa7f3374c8aa3020d49701750476cd8b61",
        "type": "github"
      },
      "original": {
        "owner": "zimeg",
        "repo": "nur-packages",
        "type": "github"
      }
    }
  },
  "root": "root",
  "version": 7
}
